
Microsoft Visual Studio Solution File, Format Version 10.00
# Visual Studio 2008
Project("{FAE04EC0-301F-11D3-BF4B-00C04F79EFBC}") = "MiSZKI", "MiSZKI.csproj", "{4C215CA3-8D81-46BD-BED9-0DB0C477521A}"
EndProject
Global
	GlobalSection(SolutionConfigurationPlatforms) = preSolution
		Debug|Any CPU = Debug|Any CPU
		Release|Any CPU = Release|Any CPU
	EndGlobalSection
	GlobalSection(ProjectConfigurationPlatforms) = postSolution
		{4C215CA3-8D81-46BD-BED9-0DB0C477521A}.Debug|Any CPU.ActiveCfg = Debug|Any CPU
		{4C215CA3-8D81-46BD-BED9-0DB0C477521A}.Debug|Any CPU.Build.0 = Debug|Any CPU
		{4C215CA3-8D81-46BD-BED9-0DB0C477521A}.Release|Any CPU.ActiveCfg = Release|Any CPU
		{4C215CA3-8D81-46BD-BED9-0DB0C477521A}.Release|Any CPU.Build.0 = Release|Any CPU
	EndGlobalSection
	GlobalSection(SolutionProperties) = preSolution
		HideSolutionNode = FALSE
	EndGlobalSection
EndGlobal
